
Microsoft Visual Studio Solution File, Format Version 11.00
# Visual Studio 2010
Project("{FAE04EC0-301F-11D3-BF4B-00C04F79EFBC}") = "TravelersAround.Model", "TravelersAround.Model\TravelersAround.Model.csproj", "{72284192-C787-4F25-A88B-EBDF769EE695}"
EndProject
Project("{FAE04EC0-301F-11D3-BF4B-00C04F79EFBC}") = "TravelersAround.Repository", "TravelersAround.Repository\TravelersAround.Repository.csproj", "{D99128CC-ECAD-4AD0-A4E7-40DBEBA4161F}"
EndProject
Project("{FAE04EC0-301F-11D3-BF4B-00C04F79EFBC}") = "TravelersAround.Test", "TravelersAround.Test\TravelersAround.Test.csproj", "{01F0BCFA-49C5-42C1-882C-0FC32B678AF4}"
EndProject
Project("{2150E333-8FDC-42A3-9474-1A3956D46DE8}") = "Solution Items", "Solution Items", "{6B733214-4CB1-4AAB-883D-26AFB82A8D0D}"
	ProjectSection(SolutionItems) = preProject
		Local.testsettings = Local.testsettings
		TraceAndTestImpact.testsettings = TraceAndTestImpact.testsettings
		TravelersAround1.vsmdi = TravelersAround1.vsmdi
	EndProjectSection
EndProject
Project("{2150E333-8FDC-42A3-9474-1A3956D46DE8}") = "Service Layer", "Service Layer", "{7C977746-8C38-4555-B564-C74988F201FE}"
EndProject
Project("{FAE04EC0-301F-11D3-BF4B-00C04F79EFBC}") = "TravelersAround.Contracts", "TravelersAround.Contracts\TravelersAround.Contracts.csproj", "{74642909-E6FD-4984-BC1A-748EEA39F064}"
EndProject
Project("{FAE04EC0-301F-11D3-BF4B-00C04F79EFBC}") = "TravelersAround.Service", "TravelersAround.Service\TravelersAround.Service.csproj", "{89EB0B88-2A30-4153-98B6-E63BB52D8ACF}"
EndProject
Project("{FAE04EC0-301F-11D3-BF4B-00C04F79EFBC}") = "TravelersAround.DataContracts", "TravelersAround.DataContracts\TravelersAround.DataContracts.csproj", "{77D25D95-C514-4AD6-B763-E52F1ABA4C05}"
EndProject
Project("{FAE04EC0-301F-11D3-BF4B-00C04F79EFBC}") = "TravelersAround.HTTPHost", "TravelersAround.HTTPHost\TravelersAround.HTTPHost.csproj", "{36DA9243-33A7-4959-9B42-B3B05BC386F9}"
EndProject
Project("{FAE04EC0-301F-11D3-BF4B-00C04F79EFBC}") = "TravelersAround.GeoCoding", "TravelersAround.GeoCoding\TravelersAround.GeoCoding.csproj", "{76E11CD2-E6AC-47EE-B8F6-23673D4DBBB3}"
EndProject
Project("{2150E333-8FDC-42A3-9474-1A3956D46DE8}") = "Application Logic Layer", "Application Logic Layer", "{456994AE-3EAD-4B78-83E2-4259FFDD5B4A}"
EndProject
Project("{2150E333-8FDC-42A3-9474-1A3956D46DE8}") = "Tests", "Tests", "{9BC66CAB-C38E-4A40-9E72-DD23616E1DB3}"
EndProject
Project("{2150E333-8FDC-42A3-9474-1A3956D46DE8}") = "Presentation Layer", "Presentation Layer", "{592D09CD-EA61-400A-8898-8FD792A7A08E}"
EndProject
Project("{FAE04EC0-301F-11D3-BF4B-00C04F79EFBC}") = "TravelersAround.ServiceProxy", "TravelersAround.ServiceProxy\TravelersAround.ServiceProxy.csproj", "{25DCDBF0-A995-4155-93FF-463758044040}"
EndProject
Project("{FAE04EC0-301F-11D3-BF4B-00C04F79EFBC}") = "TravelersAround.Resources", "TravelersAround.Resources\TravelersAround.Resources.csproj", "{EA3817BC-77E8-4F2D-98B8-0E9FE5B2BEAB}"
EndProject
Project("{FAE04EC0-301F-11D3-BF4B-00C04F79EFBC}") = "TravelersAround.WebMvc", "TravelersAround.WebMvc\TravelersAround.WebMvc.csproj", "{6672D7B3-FE30-40A8-BFD7-BAA811907411}"
EndProject
Project("{FAE04EC0-301F-11D3-BF4B-00C04F79EFBC}") = "TravelersAround.Infrastructure", "TravelersAround.Infrastructure\TravelersAround.Infrastructure.csproj", "{E3687668-11DE-45E8-B712-47DC8206D23B}"
EndProject
Global
	GlobalSection(TestCaseManagementSettings) = postSolution
		CategoryFile = TravelersAround1.vsmdi
	EndGlobalSection
	GlobalSection(SolutionConfigurationPlatforms) = preSolution
		Debug|Any CPU = Debug|Any CPU
		Release|Any CPU = Release|Any CPU
	EndGlobalSection
	GlobalSection(ProjectConfigurationPlatforms) = postSolution
		{72284192-C787-4F25-A88B-EBDF769EE695}.Debug|Any CPU.ActiveCfg = Debug|Any CPU
		{72284192-C787-4F25-A88B-EBDF769EE695}.Debug|Any CPU.Build.0 = Debug|Any CPU
		{72284192-C787-4F25-A88B-EBDF769EE695}.Release|Any CPU.ActiveCfg = Release|Any CPU
		{72284192-C787-4F25-A88B-EBDF769EE695}.Release|Any CPU.Build.0 = Release|Any CPU
		{D99128CC-ECAD-4AD0-A4E7-40DBEBA4161F}.Debug|Any CPU.ActiveCfg = Debug|Any CPU
		{D99128CC-ECAD-4AD0-A4E7-40DBEBA4161F}.Debug|Any CPU.Build.0 = Debug|Any CPU
		{D99128CC-ECAD-4AD0-A4E7-40DBEBA4161F}.Release|Any CPU.ActiveCfg = Release|Any CPU
		{D99128CC-ECAD-4AD0-A4E7-40DBEBA4161F}.Release|Any CPU.Build.0 = Release|Any CPU
		{01F0BCFA-49C5-42C1-882C-0FC32B678AF4}.Debug|Any CPU.ActiveCfg = Debug|Any CPU
		{01F0BCFA-49C5-42C1-882C-0FC32B678AF4}.Debug|Any CPU.Build.0 = Debug|Any CPU
		{01F0BCFA-49C5-42C1-882C-0FC32B678AF4}.Release|Any CPU.ActiveCfg = Release|Any CPU
		{01F0BCFA-49C5-42C1-882C-0FC32B678AF4}.Release|Any CPU.Build.0 = Release|Any CPU
		{74642909-E6FD-4984-BC1A-748EEA39F064}.Debug|Any CPU.ActiveCfg = Debug|Any CPU
		{74642909-E6FD-4984-BC1A-748EEA39F064}.Debug|Any CPU.Build.0 = Debug|Any CPU
		{74642909-E6FD-4984-BC1A-748EEA39F064}.Release|Any CPU.ActiveCfg = Release|Any CPU
		{74642909-E6FD-4984-BC1A-748EEA39F064}.Release|Any CPU.Build.0 = Release|Any CPU
		{89EB0B88-2A30-4153-98B6-E63BB52D8ACF}.Debug|Any CPU.ActiveCfg = Debug|Any CPU
		{89EB0B88-2A30-4153-98B6-E63BB52D8ACF}.Debug|Any CPU.Build.0 = Debug|Any CPU
		{89EB0B88-2A30-4153-98B6-E63BB52D8ACF}.Release|Any CPU.ActiveCfg = Release|Any CPU
		{89EB0B88-2A30-4153-98B6-E63BB52D8ACF}.Release|Any CPU.Build.0 = Release|Any CPU
		{77D25D95-C514-4AD6-B763-E52F1ABA4C05}.Debug|Any CPU.ActiveCfg = Debug|Any CPU
		{77D25D95-C514-4AD6-B763-E52F1ABA4C05}.Debug|Any CPU.Build.0 = Debug|Any CPU
		{77D25D95-C514-4AD6-B763-E52F1ABA4C05}.Release|Any CPU.ActiveCfg = Release|Any CPU
		{77D25D95-C514-4AD6-B763-E52F1ABA4C05}.Release|Any CPU.Build.0 = Release|Any CPU
		{36DA9243-33A7-4959-9B42-B3B05BC386F9}.Debug|Any CPU.ActiveCfg = Debug|Any CPU
		{36DA9243-33A7-4959-9B42-B3B05BC386F9}.Debug|Any CPU.Build.0 = Debug|Any CPU
		{36DA9243-33A7-4959-9B42-B3B05BC386F9}.Release|Any CPU.ActiveCfg = Release|Any CPU
		{36DA9243-33A7-4959-9B42-B3B05BC386F9}.Release|Any CPU.Build.0 = Release|Any CPU
		{76E11CD2-E6AC-47EE-B8F6-23673D4DBBB3}.Debug|Any CPU.ActiveCfg = Debug|Any CPU
		{76E11CD2-E6AC-47EE-B8F6-23673D4DBBB3}.Debug|Any CPU.Build.0 = Debug|Any CPU
		{76E11CD2-E6AC-47EE-B8F6-23673D4DBBB3}.Release|Any CPU.ActiveCfg = Release|Any CPU
		{76E11CD2-E6AC-47EE-B8F6-23673D4DBBB3}.Release|Any CPU.Build.0 = Release|Any CPU
		{25DCDBF0-A995-4155-93FF-463758044040}.Debug|Any CPU.ActiveCfg = Debug|Any CPU
		{25DCDBF0-A995-4155-93FF-463758044040}.Debug|Any CPU.Build.0 = Debug|Any CPU
		{25DCDBF0-A995-4155-93FF-463758044040}.Release|Any CPU.ActiveCfg = Release|Any CPU
		{25DCDBF0-A995-4155-93FF-463758044040}.Release|Any CPU.Build.0 = Release|Any CPU
		{EA3817BC-77E8-4F2D-98B8-0E9FE5B2BEAB}.Debug|Any CPU.ActiveCfg = Debug|Any CPU
		{EA3817BC-77E8-4F2D-98B8-0E9FE5B2BEAB}.Debug|Any CPU.Build.0 = Debug|Any CPU
		{EA3817BC-77E8-4F2D-98B8-0E9FE5B2BEAB}.Release|Any CPU.ActiveCfg = Release|Any CPU
		{EA3817BC-77E8-4F2D-98B8-0E9FE5B2BEAB}.Release|Any CPU.Build.0 = Release|Any CPU
		{6672D7B3-FE30-40A8-BFD7-BAA811907411}.Debug|Any CPU.ActiveCfg = Debug|Any CPU
		{6672D7B3-FE30-40A8-BFD7-BAA811907411}.Debug|Any CPU.Build.0 = Debug|Any CPU
		{6672D7B3-FE30-40A8-BFD7-BAA811907411}.Release|Any CPU.ActiveCfg = Release|Any CPU
		{6672D7B3-FE30-40A8-BFD7-BAA811907411}.Release|Any CPU.Build.0 = Release|Any CPU
		{E3687668-11DE-45E8-B712-47DC8206D23B}.Debug|Any CPU.ActiveCfg = Debug|Any CPU
		{E3687668-11DE-45E8-B712-47DC8206D23B}.Debug|Any CPU.Build.0 = Debug|Any CPU
		{E3687668-11DE-45E8-B712-47DC8206D23B}.Release|Any CPU.ActiveCfg = Release|Any CPU
		{E3687668-11DE-45E8-B712-47DC8206D23B}.Release|Any CPU.Build.0 = Release|Any CPU
	EndGlobalSection
	GlobalSection(SolutionProperties) = preSolution
		HideSolutionNode = FALSE
	EndGlobalSection
	GlobalSection(NestedProjects) = preSolution
		{D99128CC-ECAD-4AD0-A4E7-40DBEBA4161F} = {456994AE-3EAD-4B78-83E2-4259FFDD5B4A}
		{76E11CD2-E6AC-47EE-B8F6-23673D4DBBB3} = {456994AE-3EAD-4B78-83E2-4259FFDD5B4A}
		{72284192-C787-4F25-A88B-EBDF769EE695} = {456994AE-3EAD-4B78-83E2-4259FFDD5B4A}
		{EA3817BC-77E8-4F2D-98B8-0E9FE5B2BEAB} = {456994AE-3EAD-4B78-83E2-4259FFDD5B4A}
		{E3687668-11DE-45E8-B712-47DC8206D23B} = {456994AE-3EAD-4B78-83E2-4259FFDD5B4A}
		{01F0BCFA-49C5-42C1-882C-0FC32B678AF4} = {9BC66CAB-C38E-4A40-9E72-DD23616E1DB3}
		{74642909-E6FD-4984-BC1A-748EEA39F064} = {7C977746-8C38-4555-B564-C74988F201FE}
		{89EB0B88-2A30-4153-98B6-E63BB52D8ACF} = {7C977746-8C38-4555-B564-C74988F201FE}
		{77D25D95-C514-4AD6-B763-E52F1ABA4C05} = {7C977746-8C38-4555-B564-C74988F201FE}
		{36DA9243-33A7-4959-9B42-B3B05BC386F9} = {7C977746-8C38-4555-B564-C74988F201FE}
		{25DCDBF0-A995-4155-93FF-463758044040} = {592D09CD-EA61-400A-8898-8FD792A7A08E}
		{6672D7B3-FE30-40A8-BFD7-BAA811907411} = {592D09CD-EA61-400A-8898-8FD792A7A08E}
	EndGlobalSection
EndGlobal
